// !$*UTF8*$!
{
	archiveVersion = 1;
	classes = {
	};
	objectVersion = 46;
	objects = {

/* Begin PBXBuildFile section */
		20553B78AB5D43CCB7576E10 /* libPods-PullStatusTests.a in Frameworks */ = {isa = PBXBuildFile; fileRef = 88931C2158F548AE82CE3AAF /* libPods-PullStatusTests.a */; };
		24103D88172AD38000739F61 /* TNWHttpClient.m in Sources */ = {isa = PBXBuildFile; fileRef = 24103D87172AD38000739F61 /* TNWHttpClient.m */; };
		24103D89172AD38000739F61 /* TNWHttpClient.m in Sources */ = {isa = PBXBuildFile; fileRef = 24103D87172AD38000739F61 /* TNWHttpClient.m */; };
		24232A51172065F00079A6D4 /* UIKit.framework in Frameworks */ = {isa = PBXBuildFile; fileRef = 24232A50172065F00079A6D4 /* UIKit.framework */; };
		24232A53172065F00079A6D4 /* Foundation.framework in Frameworks */ = {isa = PBXBuildFile; fileRef = 24232A52172065F00079A6D4 /* Foundation.framework */; };
		24232A55172065F00079A6D4 /* CoreGraphics.framework in Frameworks */ = {isa = PBXBuildFile; fileRef = 24232A54172065F00079A6D4 /* CoreGraphics.framework */; };
		24232A5B172065F00079A6D4 /* InfoPlist.strings in Resources */ = {isa = PBXBuildFile; fileRef = 24232A59172065F00079A6D4 /* InfoPlist.strings */; };
		24232A5D172065F00079A6D4 /* main.m in Sources */ = {isa = PBXBuildFile; fileRef = 24232A5C172065F00079A6D4 /* main.m */; };
		24232A61172065F00079A6D4 /* TNWAppDelegate.m in Sources */ = {isa = PBXBuildFile; fileRef = 24232A60172065F00079A6D4 /* TNWAppDelegate.m */; };
		24232A6A172065F00079A6D4 /* TNWPullRequestViewController.m in Sources */ = {isa = PBXBuildFile; fileRef = 24232A69172065F00079A6D4 /* TNWPullRequestViewController.m */; };
		24232A75172065F00079A6D4 /* SenTestingKit.framework in Frameworks */ = {isa = PBXBuildFile; fileRef = 24232A74172065F00079A6D4 /* SenTestingKit.framework */; };
		24232A76172065F00079A6D4 /* UIKit.framework in Frameworks */ = {isa = PBXBuildFile; fileRef = 24232A50172065F00079A6D4 /* UIKit.framework */; };
		24232A77172065F00079A6D4 /* Foundation.framework in Frameworks */ = {isa = PBXBuildFile; fileRef = 24232A52172065F00079A6D4 /* Foundation.framework */; };
		24232A7F172065F00079A6D4 /* InfoPlist.strings in Resources */ = {isa = PBXBuildFile; fileRef = 24232A7D172065F00079A6D4 /* InfoPlist.strings */; };
		24232A82172065F00079A6D4 /* KiwiSpec.m in Sources */ = {isa = PBXBuildFile; fileRef = 24232A81172065F00079A6D4 /* KiwiSpec.m */; };
		24232A8C17207C7D0079A6D4 /* QuartzCore.framework in Frameworks */ = {isa = PBXBuildFile; fileRef = 24232A8B17207C7D0079A6D4 /* QuartzCore.framework */; };
		24232A9217207FB10079A6D4 /* SettingsView.xib in Resources */ = {isa = PBXBuildFile; fileRef = 24232A9117207FB10079A6D4 /* SettingsView.xib */; };
		24232A951720803F0079A6D4 /* TNWSettingsViewController.m in Sources */ = {isa = PBXBuildFile; fileRef = 24232A941720803F0079A6D4 /* TNWSettingsViewController.m */; };
		24597B57172818C700DC53A7 /* TNWRepoRetriever.m in Sources */ = {isa = PBXBuildFile; fileRef = 24597B56172818C700DC53A7 /* TNWRepoRetriever.m */; };
		24597B58172818C700DC53A7 /* TNWRepoRetriever.m in Sources */ = {isa = PBXBuildFile; fileRef = 24597B56172818C700DC53A7 /* TNWRepoRetriever.m */; };
		24597B5A1728265B00DC53A7 /* RepoRetrieverSpec.m in Sources */ = {isa = PBXBuildFile; fileRef = 24597B591728265B00DC53A7 /* RepoRetrieverSpec.m */; };
		24608C8B17258634006ACA7D /* RepositoryModel.m in Sources */ = {isa = PBXBuildFile; fileRef = 24608C8A17258634006ACA7D /* RepositoryModel.m */; };
		2484CC47172A0D2200134C95 /* Constants.m in Sources */ = {isa = PBXBuildFile; fileRef = 2484CC46172A0D2200134C95 /* Constants.m */; };
		2484CC48172A0D2200134C95 /* Constants.m in Sources */ = {isa = PBXBuildFile; fileRef = 2484CC46172A0D2200134C95 /* Constants.m */; };
		24869ACB17271CDA00094B01 /* Repository.m in Sources */ = {isa = PBXBuildFile; fileRef = 24869ACA17271CDA00094B01 /* Repository.m */; };
		24869ACC17271CDA00094B01 /* Repository.m in Sources */ = {isa = PBXBuildFile; fileRef = 24869ACA17271CDA00094B01 /* Repository.m */; };
		24869ACE17272B0300094B01 /* MobileCoreServices.framework in Frameworks */ = {isa = PBXBuildFile; fileRef = 24869ACD17272B0300094B01 /* MobileCoreServices.framework */; };
		24869AD017272B0B00094B01 /* SystemConfiguration.framework in Frameworks */ = {isa = PBXBuildFile; fileRef = 24869ACF17272B0B00094B01 /* SystemConfiguration.framework */; };
		24943F4517280E4C00451B89 /* Repositories.json in Resources */ = {isa = PBXBuildFile; fileRef = 24943F4417280E4C00451B89 /* Repositories.json */; };
		24AE91B41728312F000C0342 /* AuthenticateView.xib in Resources */ = {isa = PBXBuildFile; fileRef = 24AE91B31728312E000C0342 /* AuthenticateView.xib */; };
		24AE91B717284362000C0342 /* TNWAuthenicationViewController.m in Sources */ = {isa = PBXBuildFile; fileRef = 24AE91B617284362000C0342 /* TNWAuthenicationViewController.m */; };
		24AE91B817284362000C0342 /* TNWAuthenicationViewController.m in Sources */ = {isa = PBXBuildFile; fileRef = 24AE91B617284362000C0342 /* TNWAuthenicationViewController.m */; };
		24AE91BB17286869000C0342 /* TNWGitHubOathTokenRetriever.m in Sources */ = {isa = PBXBuildFile; fileRef = 24AE91BA17286869000C0342 /* TNWGitHubOathTokenRetriever.m */; };
		24AE91BC17286869000C0342 /* TNWGitHubOathTokenRetriever.m in Sources */ = {isa = PBXBuildFile; fileRef = 24AE91BA17286869000C0342 /* TNWGitHubOathTokenRetriever.m */; };
		24AE91BF172868B6000C0342 /* GitHubOauthTokenRetrieverSpec.m in Sources */ = {isa = PBXBuildFile; fileRef = 24AE91BE172868B6000C0342 /* GitHubOauthTokenRetrieverSpec.m */; };
		24CA8ADE1725A9AC00B5B4E3 /* Repository.json in Resources */ = {isa = PBXBuildFile; fileRef = 24CA8ADD1725A9AC00B5B4E3 /* Repository.json */; };
		24CA8AEE1725B83700B5B4E3 /* RepositoryOwner.m in Sources */ = {isa = PBXBuildFile; fileRef = 24CA8AEB1725B83700B5B4E3 /* RepositoryOwner.m */; };
		24CA8AEF1725B83700B5B4E3 /* RepositoryOwner.m in Sources */ = {isa = PBXBuildFile; fileRef = 24CA8AEB1725B83700B5B4E3 /* RepositoryOwner.m */; };
		24FD30ED17222D110062F242 /* Storyboard.storyboard in Resources */ = {isa = PBXBuildFile; fileRef = 24FD30EC17222D110062F242 /* Storyboard.storyboard */; };
		4B0FDDAC172EB203005140D2 /* navigationbar.png in Resources */ = {isa = PBXBuildFile; fileRef = 4B0FDDAA172EB203005140D2 /* navigationbar.png */; };
		4B0FDDAD172EB203005140D2 /* navigationbar@2x.png in Resources */ = {isa = PBXBuildFile; fileRef = 4B0FDDAB172EB203005140D2 /* navigationbar@2x.png */; };
		4B534063172DB191003F9AE2 /* octocat.png in Resources */ = {isa = PBXBuildFile; fileRef = 4B534061172DB191003F9AE2 /* octocat.png */; };
		4B534064172DB191003F9AE2 /* octocat@2x.png in Resources */ = {isa = PBXBuildFile; fileRef = 4B534062172DB191003F9AE2 /* octocat@2x.png */; };
		4B534068172DBA00003F9AE2 /* github-dark-button.png in Resources */ = {isa = PBXBuildFile; fileRef = 4B534065172DBA00003F9AE2 /* github-dark-button.png */; };
		4B534069172DBA00003F9AE2 /* github-dark-button@2x.png in Resources */ = {isa = PBXBuildFile; fileRef = 4B534066172DBA00003F9AE2 /* github-dark-button@2x.png */; };
		4BDBE86017297DCB003BD76E /* list-icon.png in Resources */ = {isa = PBXBuildFile; fileRef = 4BDBE85D17297DCB003BD76E /* list-icon.png */; };
		4BDBE86117297DCB003BD76E /* list-icon@2x.png in Resources */ = {isa = PBXBuildFile; fileRef = 4BDBE85E17297DCB003BD76E /* list-icon@2x.png */; };
		4BDBE86617298012003BD76E /* barButton.png in Resources */ = {isa = PBXBuildFile; fileRef = 4BDBE86317298012003BD76E /* barButton.png */; };
		4BDBE86717298012003BD76E /* barButton@2x.png in Resources */ = {isa = PBXBuildFile; fileRef = 4BDBE86417298012003BD76E /* barButton@2x.png */; };
		4BDBE86C172988C2003BD76E /* repo-cell.png in Resources */ = {isa = PBXBuildFile; fileRef = 4BDBE869172988C2003BD76E /* repo-cell.png */; };
		4BDBE86D172988C2003BD76E /* repo-cell@2x.png in Resources */ = {isa = PBXBuildFile; fileRef = 4BDBE86A172988C2003BD76E /* repo-cell@2x.png */; };
		4BDBE8781729A398003BD76E /* github-button.png in Resources */ = {isa = PBXBuildFile; fileRef = 4BDBE8751729A398003BD76E /* github-button.png */; };
		4BDBE8791729A398003BD76E /* github-button@2x.png in Resources */ = {isa = PBXBuildFile; fileRef = 4BDBE8761729A398003BD76E /* github-button@2x.png */; };
		4BDBE87D1729AC87003BD76E /* icon-57.png in Resources */ = {isa = PBXBuildFile; fileRef = 4BDBE87B1729AC87003BD76E /* icon-57.png */; };
		4BDBE87E1729AC87003BD76E /* icon-57@2x.png in Resources */ = {isa = PBXBuildFile; fileRef = 4BDBE87C1729AC87003BD76E /* icon-57@2x.png */; };
		4BDBE8821729AC8E003BD76E /* splash-480h.png in Resources */ = {isa = PBXBuildFile; fileRef = 4BDBE87F1729AC8E003BD76E /* splash-480h.png */; };
		4BDBE8831729AC8E003BD76E /* splash-480h@2x.png in Resources */ = {isa = PBXBuildFile; fileRef = 4BDBE8801729AC8E003BD76E /* splash-480h@2x.png */; };
		4BDBE8841729AC8E003BD76E /* splash-568h@2x.png in Resources */ = {isa = PBXBuildFile; fileRef = 4BDBE8811729AC8E003BD76E /* splash-568h@2x.png */; };
		4BDBE88A1729AD51003BD76E /* Default.png in Resources */ = {isa = PBXBuildFile; fileRef = 4BDBE8891729AD51003BD76E /* Default.png */; };
		4BDBE88C1729AD5D003BD76E /* Default@2x.png in Resources */ = {isa = PBXBuildFile; fileRef = 4BDBE88B1729AD5D003BD76E /* Default@2x.png */; };
		4BDBE88E1729AD63003BD76E /* Default-568h@2x.png in Resources */ = {isa = PBXBuildFile; fileRef = 4BDBE88D1729AD63003BD76E /* Default-568h@2x.png */; };
		4BE78F72172B0B1600D55AE4 /* pr-cell.png in Resources */ = {isa = PBXBuildFile; fileRef = 4BE78F6F172B0B1600D55AE4 /* pr-cell.png */; };
		4BE78F73172B0B1600D55AE4 /* pr-cell@2x.png in Resources */ = {isa = PBXBuildFile; fileRef = 4BE78F70172B0B1600D55AE4 /* pr-cell@2x.png */; };
		4BE78F7E172B12BE00D55AE4 /* status-icon-error.png in Resources */ = {isa = PBXBuildFile; fileRef = 4BE78F75172B12BE00D55AE4 /* status-icon-error.png */; };
		4BE78F7F172B12BE00D55AE4 /* status-icon-error@2x.png in Resources */ = {isa = PBXBuildFile; fileRef = 4BE78F76172B12BE00D55AE4 /* status-icon-error@2x.png */; };
		4BE78F80172B12BE00D55AE4 /* status-icon-failure.png in Resources */ = {isa = PBXBuildFile; fileRef = 4BE78F77172B12BE00D55AE4 /* status-icon-failure.png */; };
		4BE78F81172B12BE00D55AE4 /* status-icon-failure@2x.png in Resources */ = {isa = PBXBuildFile; fileRef = 4BE78F78172B12BE00D55AE4 /* status-icon-failure@2x.png */; };
		4BE78F82172B12BE00D55AE4 /* status-icon-pending.png in Resources */ = {isa = PBXBuildFile; fileRef = 4BE78F79172B12BE00D55AE4 /* status-icon-pending.png */; };
		4BE78F83172B12BE00D55AE4 /* status-icon-pending@2x.png in Resources */ = {isa = PBXBuildFile; fileRef = 4BE78F7A172B12BE00D55AE4 /* status-icon-pending@2x.png */; };
		4BE78F84172B12BE00D55AE4 /* status-icon-success.png in Resources */ = {isa = PBXBuildFile; fileRef = 4BE78F7B172B12BE00D55AE4 /* status-icon-success.png */; };
		4BE78F85172B12BE00D55AE4 /* status-icon-success@2x.png in Resources */ = {isa = PBXBuildFile; fileRef = 4BE78F7C172B12BE00D55AE4 /* status-icon-success@2x.png */; };
		4BE78F89172B13A900D55AE4 /* status-icon-none.png in Resources */ = {isa = PBXBuildFile; fileRef = 4BE78F87172B13A900D55AE4 /* status-icon-none.png */; };
		4BE78F8A172B13A900D55AE4 /* status-icon-none@2x.png in Resources */ = {isa = PBXBuildFile; fileRef = 4BE78F88172B13A900D55AE4 /* status-icon-none@2x.png */; };
		F6BF12BF35FA4EECA50C948C /* libPods.a in Frameworks */ = {isa = PBXBuildFile; fileRef = 343C680603D34D15944B5E7A /* libPods.a */; };
/* End PBXBuildFile section */

/* Begin PBXContainerItemProxy section */
		24232A78172065F00079A6D4 /* PBXContainerItemProxy */ = {
			isa = PBXContainerItemProxy;
			containerPortal = 24232A45172065F00079A6D4 /* Project object */;
			proxyType = 1;
			remoteGlobalIDString = 24232A4C172065F00079A6D4;
			remoteInfo = PullStatus;
		};
/* End PBXContainerItemProxy section */

/* Begin PBXFileReference section */
		24103D86172AD38000739F61 /* TNWHttpClient.h */ = {isa = PBXFileReference; fileEncoding = 4; lastKnownFileType = sourcecode.c.h; path = TNWHttpClient.h; sourceTree = "<group>"; };
		24103D87172AD38000739F61 /* TNWHttpClient.m */ = {isa = PBXFileReference; fileEncoding = 4; lastKnownFileType = sourcecode.c.objc; path = TNWHttpClient.m; sourceTree = "<group>"; };
		24232A4D172065F00079A6D4 /* PullStatus.app */ = {isa = PBXFileReference; explicitFileType = wrapper.application; includeInIndex = 0; path = PullStatus.app; sourceTree = BUILT_PRODUCTS_DIR; };
		24232A50172065F00079A6D4 /* UIKit.framework */ = {isa = PBXFileReference; lastKnownFileType = wrapper.framework; name = UIKit.framework; path = System/Library/Frameworks/UIKit.framework; sourceTree = SDKROOT; };
		24232A52172065F00079A6D4 /* Foundation.framework */ = {isa = PBXFileReference; lastKnownFileType = wrapper.framework; name = Foundation.framework; path = System/Library/Frameworks/Foundation.framework; sourceTree = SDKROOT; };
		24232A54172065F00079A6D4 /* CoreGraphics.framework */ = {isa = PBXFileReference; lastKnownFileType = wrapper.framework; name = CoreGraphics.framework; path = System/Library/Frameworks/CoreGraphics.framework; sourceTree = SDKROOT; };
		24232A58172065F00079A6D4 /* PullStatus-Info.plist */ = {isa = PBXFileReference; lastKnownFileType = text.plist.xml; path = "PullStatus-Info.plist"; sourceTree = "<group>"; };
		24232A5A172065F00079A6D4 /* en */ = {isa = PBXFileReference; lastKnownFileType = text.plist.strings; name = en; path = en.lproj/InfoPlist.strings; sourceTree = "<group>"; };
		24232A5C172065F00079A6D4 /* main.m */ = {isa = PBXFileReference; lastKnownFileType = sourcecode.c.objc; path = main.m; sourceTree = "<group>"; };
		24232A5E172065F00079A6D4 /* PullStatus-Prefix.pch */ = {isa = PBXFileReference; lastKnownFileType = sourcecode.c.h; path = "PullStatus-Prefix.pch"; sourceTree = "<group>"; };
		24232A5F172065F00079A6D4 /* TNWAppDelegate.h */ = {isa = PBXFileReference; lastKnownFileType = sourcecode.c.h; path = TNWAppDelegate.h; sourceTree = "<group>"; };
		24232A60172065F00079A6D4 /* TNWAppDelegate.m */ = {isa = PBXFileReference; lastKnownFileType = sourcecode.c.objc; path = TNWAppDelegate.m; sourceTree = "<group>"; };
		24232A62172065F00079A6D4 /* Default.png */ = {isa = PBXFileReference; lastKnownFileType = image.png; path = Default.png; sourceTree = "<group>"; };
		24232A64172065F00079A6D4 /* Default@2x.png */ = {isa = PBXFileReference; lastKnownFileType = image.png; path = "Default@2x.png"; sourceTree = "<group>"; };
		24232A66172065F00079A6D4 /* Default-568h@2x.png */ = {isa = PBXFileReference; lastKnownFileType = image.png; path = "Default-568h@2x.png"; sourceTree = "<group>"; };
		24232A68172065F00079A6D4 /* TNWPullRequestViewController.h */ = {isa = PBXFileReference; lastKnownFileType = sourcecode.c.h; path = TNWPullRequestViewController.h; sourceTree = "<group>"; };
		24232A69172065F00079A6D4 /* TNWPullRequestViewController.m */ = {isa = PBXFileReference; lastKnownFileType = sourcecode.c.objc; path = TNWPullRequestViewController.m; sourceTree = "<group>"; };
		24232A73172065F00079A6D4 /* PullStatusTests.octest */ = {isa = PBXFileReference; explicitFileType = wrapper.cfbundle; includeInIndex = 0; path = PullStatusTests.octest; sourceTree = BUILT_PRODUCTS_DIR; };
		24232A74172065F00079A6D4 /* SenTestingKit.framework */ = {isa = PBXFileReference; lastKnownFileType = wrapper.framework; name = SenTestingKit.framework; path = Library/Frameworks/SenTestingKit.framework; sourceTree = DEVELOPER_DIR; };
		24232A7C172065F00079A6D4 /* PullStatusTests-Info.plist */ = {isa = PBXFileReference; lastKnownFileType = text.plist.xml; path = "PullStatusTests-Info.plist"; sourceTree = "<group>"; };
		24232A7E172065F00079A6D4 /* en */ = {isa = PBXFileReference; lastKnownFileType = text.plist.strings; name = en; path = en.lproj/InfoPlist.strings; sourceTree = "<group>"; };
		24232A81172065F00079A6D4 /* KiwiSpec.m */ = {isa = PBXFileReference; lastKnownFileType = sourcecode.c.objc; path = KiwiSpec.m; sourceTree = "<group>"; };
		24232A8B17207C7D0079A6D4 /* QuartzCore.framework */ = {isa = PBXFileReference; lastKnownFileType = wrapper.framework; name = QuartzCore.framework; path = System/Library/Frameworks/QuartzCore.framework; sourceTree = SDKROOT; };
		24232A9117207FB10079A6D4 /* SettingsView.xib */ = {isa = PBXFileReference; fileEncoding = 4; lastKnownFileType = file.xib; path = SettingsView.xib; sourceTree = "<group>"; };
		24232A931720803F0079A6D4 /* TNWSettingsViewController.h */ = {isa = PBXFileReference; fileEncoding = 4; lastKnownFileType = sourcecode.c.h; path = TNWSettingsViewController.h; sourceTree = "<group>"; };
		24232A941720803F0079A6D4 /* TNWSettingsViewController.m */ = {isa = PBXFileReference; fileEncoding = 4; lastKnownFileType = sourcecode.c.objc; path = TNWSettingsViewController.m; sourceTree = "<group>"; };
		24597B55172818C700DC53A7 /* TNWRepoRetriever.h */ = {isa = PBXFileReference; fileEncoding = 4; lastKnownFileType = sourcecode.c.h; path = TNWRepoRetriever.h; sourceTree = "<group>"; };
		24597B56172818C700DC53A7 /* TNWRepoRetriever.m */ = {isa = PBXFileReference; fileEncoding = 4; lastKnownFileType = sourcecode.c.objc; path = TNWRepoRetriever.m; sourceTree = "<group>"; };
		24597B591728265B00DC53A7 /* RepoRetrieverSpec.m */ = {isa = PBXFileReference; fileEncoding = 4; lastKnownFileType = sourcecode.c.objc; path = RepoRetrieverSpec.m; sourceTree = "<group>"; };
		24608C8A17258634006ACA7D /* RepositoryModel.m */ = {isa = PBXFileReference; fileEncoding = 4; lastKnownFileType = sourcecode.c.objc; path = RepositoryModel.m; sourceTree = "<group>"; };
		2484CC45172A0D2200134C95 /* Constants.h */ = {isa = PBXFileReference; fileEncoding = 4; lastKnownFileType = sourcecode.c.h; path = Constants.h; sourceTree = "<group>"; };
		2484CC46172A0D2200134C95 /* Constants.m */ = {isa = PBXFileReference; fileEncoding = 4; lastKnownFileType = sourcecode.c.objc; path = Constants.m; sourceTree = "<group>"; };
		24869AC917271CDA00094B01 /* Repository.h */ = {isa = PBXFileReference; fileEncoding = 4; lastKnownFileType = sourcecode.c.h; path = Repository.h; sourceTree = "<group>"; };
		24869ACA17271CDA00094B01 /* Repository.m */ = {isa = PBXFileReference; fileEncoding = 4; lastKnownFileType = sourcecode.c.objc; path = Repository.m; sourceTree = "<group>"; };
		24869ACD17272B0300094B01 /* MobileCoreServices.framework */ = {isa = PBXFileReference; lastKnownFileType = wrapper.framework; name = MobileCoreServices.framework; path = System/Library/Frameworks/MobileCoreServices.framework; sourceTree = SDKROOT; };
		24869ACF17272B0B00094B01 /* SystemConfiguration.framework */ = {isa = PBXFileReference; lastKnownFileType = wrapper.framework; name = SystemConfiguration.framework; path = System/Library/Frameworks/SystemConfiguration.framework; sourceTree = SDKROOT; };
		24943F4417280E4C00451B89 /* Repositories.json */ = {isa = PBXFileReference; fileEncoding = 4; lastKnownFileType = text.json; path = Repositories.json; sourceTree = "<group>"; };
		24AE91B31728312E000C0342 /* AuthenticateView.xib */ = {isa = PBXFileReference; fileEncoding = 4; lastKnownFileType = file.xib; path = AuthenticateView.xib; sourceTree = "<group>"; };
		24AE91B517284362000C0342 /* TNWAuthenicationViewController.h */ = {isa = PBXFileReference; fileEncoding = 4; lastKnownFileType = sourcecode.c.h; path = TNWAuthenicationViewController.h; sourceTree = "<group>"; };
		24AE91B617284362000C0342 /* TNWAuthenicationViewController.m */ = {isa = PBXFileReference; fileEncoding = 4; lastKnownFileType = sourcecode.c.objc; path = TNWAuthenicationViewController.m; sourceTree = "<group>"; };
		24AE91B917286869000C0342 /* TNWGitHubOathTokenRetriever.h */ = {isa = PBXFileReference; fileEncoding = 4; lastKnownFileType = sourcecode.c.h; path = TNWGitHubOathTokenRetriever.h; sourceTree = "<group>"; };
		24AE91BA17286869000C0342 /* TNWGitHubOathTokenRetriever.m */ = {isa = PBXFileReference; fileEncoding = 4; lastKnownFileType = sourcecode.c.objc; path = TNWGitHubOathTokenRetriever.m; sourceTree = "<group>"; };
		24AE91BE172868B6000C0342 /* GitHubOauthTokenRetrieverSpec.m */ = {isa = PBXFileReference; fileEncoding = 4; lastKnownFileType = sourcecode.c.objc; path = GitHubOauthTokenRetrieverSpec.m; sourceTree = "<group>"; };
		24CA8ADD1725A9AC00B5B4E3 /* Repository.json */ = {isa = PBXFileReference; fileEncoding = 4; lastKnownFileType = text.json; path = Repository.json; sourceTree = "<group>"; };
		24CA8AEA1725B83700B5B4E3 /* RepositoryOwner.h */ = {isa = PBXFileReference; fileEncoding = 4; lastKnownFileType = sourcecode.c.h; path = RepositoryOwner.h; sourceTree = "<group>"; };
		24CA8AEB1725B83700B5B4E3 /* RepositoryOwner.m */ = {isa = PBXFileReference; fileEncoding = 4; lastKnownFileType = sourcecode.c.objc; path = RepositoryOwner.m; sourceTree = "<group>"; };
		24FD30EC17222D110062F242 /* Storyboard.storyboard */ = {isa = PBXFileReference; fileEncoding = 4; lastKnownFileType = file.storyboard; path = Storyboard.storyboard; sourceTree = "<group>"; };
		343C680603D34D15944B5E7A /* libPods.a */ = {isa = PBXFileReference; explicitFileType = archive.ar; includeInIndex = 0; path = libPods.a; sourceTree = BUILT_PRODUCTS_DIR; };
		4B0FDDAA172EB203005140D2 /* navigationbar.png */ = {isa = PBXFileReference; lastKnownFileType = image.png; path = navigationbar.png; sourceTree = "<group>"; };
		4B0FDDAB172EB203005140D2 /* navigationbar@2x.png */ = {isa = PBXFileReference; lastKnownFileType = image.png; path = "navigationbar@2x.png"; sourceTree = "<group>"; };
		4B0FDDAE172EB209005140D2 /* navigationbar@2x.psd */ = {isa = PBXFileReference; lastKnownFileType = file; path = "navigationbar@2x.psd"; sourceTree = "<group>"; };
		4B27CE5B17218E5600F66E20 /* barButton.png */ = {isa = PBXFileReference; lastKnownFileType = image.png; path = barButton.png; sourceTree = "<group>"; };
		4B27CE5C17218E5600F66E20 /* barButton@2x.png */ = {isa = PBXFileReference; lastKnownFileType = image.png; path = "barButton@2x.png"; sourceTree = "<group>"; };
		4B27CE5D17218E5600F66E20 /* barButtonBack.png */ = {isa = PBXFileReference; lastKnownFileType = image.png; path = barButtonBack.png; sourceTree = "<group>"; };
		4B27CE5E17218E5600F66E20 /* barButtonBack@2x.png */ = {isa = PBXFileReference; lastKnownFileType = image.png; path = "barButtonBack@2x.png"; sourceTree = "<group>"; };
		4B27CE5F17218E5600F66E20 /* barButtonBackDisabled.png */ = {isa = PBXFileReference; lastKnownFileType = image.png; path = barButtonBackDisabled.png; sourceTree = "<group>"; };
		4B27CE6017218E5600F66E20 /* barButtonBackDisabled@2x.png */ = {isa = PBXFileReference; lastKnownFileType = image.png; path = "barButtonBackDisabled@2x.png"; sourceTree = "<group>"; };
		4B27CE6117218E5600F66E20 /* barButtonBackPressed.png */ = {isa = PBXFileReference; lastKnownFileType = image.png; path = barButtonBackPressed.png; sourceTree = "<group>"; };
		4B27CE6217218E5600F66E20 /* barButtonBackPressed@2x.png */ = {isa = PBXFileReference; lastKnownFileType = image.png; path = "barButtonBackPressed@2x.png"; sourceTree = "<group>"; };
		4B27CE6317218E5600F66E20 /* barButtonDisabled.png */ = {isa = PBXFileReference; lastKnownFileType = image.png; path = barButtonDisabled.png; sourceTree = "<group>"; };
		4B27CE6417218E5600F66E20 /* barButtonDisabled@2x.png */ = {isa = PBXFileReference; lastKnownFileType = image.png; path = "barButtonDisabled@2x.png"; sourceTree = "<group>"; };
		4B27CE6517218E5600F66E20 /* barButtonPressed.png */ = {isa = PBXFileReference; lastKnownFileType = image.png; path = barButtonPressed.png; sourceTree = "<group>"; };
		4B27CE6617218E5600F66E20 /* barButtonPressed@2x.png */ = {isa = PBXFileReference; lastKnownFileType = image.png; path = "barButtonPressed@2x.png"; sourceTree = "<group>"; };
		4B534061172DB191003F9AE2 /* octocat.png */ = {isa = PBXFileReference; lastKnownFileType = image.png; path = octocat.png; sourceTree = "<group>"; };
		4B534062172DB191003F9AE2 /* octocat@2x.png */ = {isa = PBXFileReference; lastKnownFileType = image.png; path = "octocat@2x.png"; sourceTree = "<group>"; };
		4B534065172DBA00003F9AE2 /* github-dark-button.png */ = {isa = PBXFileReference; lastKnownFileType = image.png; path = "github-dark-button.png"; sourceTree = "<group>"; };
		4B534066172DBA00003F9AE2 /* github-dark-button@2x.png */ = {isa = PBXFileReference; lastKnownFileType = image.png; path = "github-dark-button@2x.png"; sourceTree = "<group>"; };
		4B534067172DBA00003F9AE2 /* github-dark-button@2x.psd */ = {isa = PBXFileReference; lastKnownFileType = file; path = "github-dark-button@2x.psd"; sourceTree = "<group>"; };
		4B86318417297C3400E7D26D /* splash-568h@2x.psd */ = {isa = PBXFileReference; lastKnownFileType = file; path = "splash-568h@2x.psd"; sourceTree = "<group>"; };
		4B86318A17297C6B00E7D26D /* icon-57@2x.psd */ = {isa = PBXFileReference; lastKnownFileType = file; path = "icon-57@2x.psd"; sourceTree = "<group>"; };
		4B882A06172185AC00028131 /* navigationbar.png */ = {isa = PBXFileReference; lastKnownFileType = image.png; path = navigationbar.png; sourceTree = "<group>"; };
		4B882A07172185AC00028131 /* navigationbar@2x.png */ = {isa = PBXFileReference; lastKnownFileType = image.png; path = "navigationbar@2x.png"; sourceTree = "<group>"; };
		4BA6DD1517207E100070533F /* gear.png */ = {isa = PBXFileReference; lastKnownFileType = image.png; path = gear.png; sourceTree = "<group>"; };
		4BA6DD1617207E100070533F /* gear@2x.png */ = {isa = PBXFileReference; lastKnownFileType = image.png; path = "gear@2x.png"; sourceTree = "<group>"; };
		4BDBE85D17297DCB003BD76E /* list-icon.png */ = {isa = PBXFileReference; lastKnownFileType = image.png; path = "list-icon.png"; sourceTree = "<group>"; };
		4BDBE85E17297DCB003BD76E /* list-icon@2x.png */ = {isa = PBXFileReference; lastKnownFileType = image.png; path = "list-icon@2x.png"; sourceTree = "<group>"; };
		4BDBE85F17297DCB003BD76E /* list-icon@2x.psd */ = {isa = PBXFileReference; lastKnownFileType = file; path = "list-icon@2x.psd"; sourceTree = "<group>"; };
		4BDBE86317298012003BD76E /* barButton.png */ = {isa = PBXFileReference; lastKnownFileType = image.png; path = barButton.png; sourceTree = "<group>"; };
		4BDBE86417298012003BD76E /* barButton@2x.png */ = {isa = PBXFileReference; lastKnownFileType = image.png; path = "barButton@2x.png"; sourceTree = "<group>"; };
		4BDBE86517298012003BD76E /* barButton@2x.psd */ = {isa = PBXFileReference; lastKnownFileType = file; path = "barButton@2x.psd"; sourceTree = "<group>"; };
		4BDBE869172988C2003BD76E /* repo-cell.png */ = {isa = PBXFileReference; lastKnownFileType = image.png; path = "repo-cell.png"; sourceTree = "<group>"; };
		4BDBE86A172988C2003BD76E /* repo-cell@2x.png */ = {isa = PBXFileReference; lastKnownFileType = image.png; path = "repo-cell@2x.png"; sourceTree = "<group>"; };
		4BDBE86B172988C2003BD76E /* repo-cell@2x.psd */ = {isa = PBXFileReference; lastKnownFileType = file; path = "repo-cell@2x.psd"; sourceTree = "<group>"; };
		4BDBE8751729A398003BD76E /* github-button.png */ = {isa = PBXFileReference; lastKnownFileType = image.png; path = "github-button.png"; sourceTree = "<group>"; };
		4BDBE8761729A398003BD76E /* github-button@2x.png */ = {isa = PBXFileReference; lastKnownFileType = image.png; path = "github-button@2x.png"; sourceTree = "<group>"; };
		4BDBE8771729A398003BD76E /* github-button@2x.psd */ = {isa = PBXFileReference; lastKnownFileType = file; path = "github-button@2x.psd"; sourceTree = "<group>"; };
		4BDBE87B1729AC87003BD76E /* icon-57.png */ = {isa = PBXFileReference; lastKnownFileType = image.png; path = "icon-57.png"; sourceTree = "<group>"; };
		4BDBE87C1729AC87003BD76E /* icon-57@2x.png */ = {isa = PBXFileReference; lastKnownFileType = image.png; path = "icon-57@2x.png"; sourceTree = "<group>"; };
		4BDBE87F1729AC8E003BD76E /* splash-480h.png */ = {isa = PBXFileReference; lastKnownFileType = image.png; path = "splash-480h.png"; sourceTree = "<group>"; };
		4BDBE8801729AC8E003BD76E /* splash-480h@2x.png */ = {isa = PBXFileReference; lastKnownFileType = image.png; path = "splash-480h@2x.png"; sourceTree = "<group>"; };
		4BDBE8811729AC8E003BD76E /* splash-568h@2x.png */ = {isa = PBXFileReference; lastKnownFileType = image.png; path = "splash-568h@2x.png"; sourceTree = "<group>"; };
		4BDBE8851729ACA4003BD76E /* icon-57.png */ = {isa = PBXFileReference; lastKnownFileType = image.png; path = "icon-57.png"; sourceTree = "<group>"; };
		4BDBE8871729AD48003BD76E /* icon-57@2x.png */ = {isa = PBXFileReference; lastKnownFileType = image.png; path = "icon-57@2x.png"; sourceTree = "<group>"; };
		4BDBE8891729AD51003BD76E /* Default.png */ = {isa = PBXFileReference; lastKnownFileType = image.png; path = Default.png; sourceTree = "<group>"; };
		4BDBE88B1729AD5D003BD76E /* Default@2x.png */ = {isa = PBXFileReference; lastKnownFileType = image.png; path = "Default@2x.png"; sourceTree = "<group>"; };
		4BDBE88D1729AD63003BD76E /* Default-568h@2x.png */ = {isa = PBXFileReference; lastKnownFileType = image.png; path = "Default-568h@2x.png"; sourceTree = "<group>"; };
		4BE78F6F172B0B1600D55AE4 /* pr-cell.png */ = {isa = PBXFileReference; lastKnownFileType = image.png; path = "pr-cell.png"; sourceTree = "<group>"; };
		4BE78F70172B0B1600D55AE4 /* pr-cell@2x.png */ = {isa = PBXFileReference; lastKnownFileType = image.png; path = "pr-cell@2x.png"; sourceTree = "<group>"; };
		4BE78F71172B0B1600D55AE4 /* pr-cell@2x.psd */ = {isa = PBXFileReference; lastKnownFileType = file; path = "pr-cell@2x.psd"; sourceTree = "<group>"; };
		4BE78F75172B12BE00D55AE4 /* status-icon-error.png */ = {isa = PBXFileReference; lastKnownFileType = image.png; path = "status-icon-error.png"; sourceTree = "<group>"; };
		4BE78F76172B12BE00D55AE4 /* status-icon-error@2x.png */ = {isa = PBXFileReference; lastKnownFileType = image.png; path = "status-icon-error@2x.png"; sourceTree = "<group>"; };
		4BE78F77172B12BE00D55AE4 /* status-icon-failure.png */ = {isa = PBXFileReference; lastKnownFileType = image.png; path = "status-icon-failure.png"; sourceTree = "<group>"; };
		4BE78F78172B12BE00D55AE4 /* status-icon-failure@2x.png */ = {isa = PBXFileReference; lastKnownFileType = image.png; path = "status-icon-failure@2x.png"; sourceTree = "<group>"; };
		4BE78F79172B12BE00D55AE4 /* status-icon-pending.png */ = {isa = PBXFileReference; lastKnownFileType = image.png; path = "status-icon-pending.png"; sourceTree = "<group>"; };
		4BE78F7A172B12BE00D55AE4 /* status-icon-pending@2x.png */ = {isa = PBXFileReference; lastKnownFileType = image.png; path = "status-icon-pending@2x.png"; sourceTree = "<group>"; };
		4BE78F7B172B12BE00D55AE4 /* status-icon-success.png */ = {isa = PBXFileReference; lastKnownFileType = image.png; path = "status-icon-success.png"; sourceTree = "<group>"; };
		4BE78F7C172B12BE00D55AE4 /* status-icon-success@2x.png */ = {isa = PBXFileReference; lastKnownFileType = image.png; path = "status-icon-success@2x.png"; sourceTree = "<group>"; };
		4BE78F7D172B12BE00D55AE4 /* status-icons@2x.psd */ = {isa = PBXFileReference; lastKnownFileType = file; path = "status-icons@2x.psd"; sourceTree = "<group>"; };
		4BE78F87172B13A900D55AE4 /* status-icon-none.png */ = {isa = PBXFileReference; lastKnownFileType = image.png; path = "status-icon-none.png"; sourceTree = "<group>"; };
		4BE78F88172B13A900D55AE4 /* status-icon-none@2x.png */ = {isa = PBXFileReference; lastKnownFileType = image.png; path = "status-icon-none@2x.png"; sourceTree = "<group>"; };
		5FB7AD5A015D45F99E85E1EE /* Pods-PullStatusTests.xcconfig */ = {isa = PBXFileReference; includeInIndex = 1; lastKnownFileType = text.xcconfig; name = "Pods-PullStatusTests.xcconfig"; path = "Pods/Pods-PullStatusTests.xcconfig"; sourceTree = SOURCE_ROOT; };
		88931C2158F548AE82CE3AAF /* libPods-PullStatusTests.a */ = {isa = PBXFileReference; explicitFileType = archive.ar; includeInIndex = 0; path = "libPods-PullStatusTests.a"; sourceTree = BUILT_PRODUCTS_DIR; };
		AA6874E509464302A80B6890 /* Pods.xcconfig */ = {isa = PBXFileReference; includeInIndex = 1; lastKnownFileType = text.xcconfig; name = Pods.xcconfig; path = Pods/Pods.xcconfig; sourceTree = SOURCE_ROOT; };
/* End PBXFileReference section */

/* Begin PBXFrameworksBuildPhase section */
		24232A4A172065F00079A6D4 /* Frameworks */ = {
			isa = PBXFrameworksBuildPhase;
			buildActionMask = 2147483647;
			files = (
				24869AD017272B0B00094B01 /* SystemConfiguration.framework in Frameworks */,
				24869ACE17272B0300094B01 /* MobileCoreServices.framework in Frameworks */,
				24232A8C17207C7D0079A6D4 /* QuartzCore.framework in Frameworks */,
				24232A51172065F00079A6D4 /* UIKit.framework in Frameworks */,
				24232A53172065F00079A6D4 /* Foundation.framework in Frameworks */,
				24232A55172065F00079A6D4 /* CoreGraphics.framework in Frameworks */,
				F6BF12BF35FA4EECA50C948C /* libPods.a in Frameworks */,
			);
			runOnlyForDeploymentPostprocessing = 0;
		};
		24232A6F172065F00079A6D4 /* Frameworks */ = {
			isa = PBXFrameworksBuildPhase;
			buildActionMask = 2147483647;
			files = (
				24232A75172065F00079A6D4 /* SenTestingKit.framework in Frameworks */,
				24232A76172065F00079A6D4 /* UIKit.framework in Frameworks */,
				24232A77172065F00079A6D4 /* Foundation.framework in Frameworks */,
				20553B78AB5D43CCB7576E10 /* libPods-PullStatusTests.a in Frameworks */,
			);
			runOnlyForDeploymentPostprocessing = 0;
		};
/* End PBXFrameworksBuildPhase section */

/* Begin PBXGroup section */
		24232A44172065F00079A6D4 = {
			isa = PBXGroup;
			children = (
				4BDBE88D1729AD63003BD76E /* Default-568h@2x.png */,
				4BDBE88B1729AD5D003BD76E /* Default@2x.png */,
				4BDBE8891729AD51003BD76E /* Default.png */,
				4BDBE8871729AD48003BD76E /* icon-57@2x.png */,
				4BDBE8851729ACA4003BD76E /* icon-57.png */,
				24232A56172065F00079A6D4 /* PullStatus */,
				24232A7A172065F00079A6D4 /* PullStatusTests */,
				24232A4F172065F00079A6D4 /* Frameworks */,
				24232A4E172065F00079A6D4 /* Products */,
				AA6874E509464302A80B6890 /* Pods.xcconfig */,
				5FB7AD5A015D45F99E85E1EE /* Pods-PullStatusTests.xcconfig */,
			);
			sourceTree = "<group>";
		};
		24232A4E172065F00079A6D4 /* Products */ = {
			isa = PBXGroup;
			children = (
				24232A4D172065F00079A6D4 /* PullStatus.app */,
				24232A73172065F00079A6D4 /* PullStatusTests.octest */,
			);
			name = Products;
			sourceTree = "<group>";
		};
		24232A4F172065F00079A6D4 /* Frameworks */ = {
			isa = PBXGroup;
			children = (
				24869ACF17272B0B00094B01 /* SystemConfiguration.framework */,
				24869ACD17272B0300094B01 /* MobileCoreServices.framework */,
				24232A8B17207C7D0079A6D4 /* QuartzCore.framework */,
				24232A50172065F00079A6D4 /* UIKit.framework */,
				24232A52172065F00079A6D4 /* Foundation.framework */,
				24232A54172065F00079A6D4 /* CoreGraphics.framework */,
				24232A74172065F00079A6D4 /* SenTestingKit.framework */,
				343C680603D34D15944B5E7A /* libPods.a */,
				88931C2158F548AE82CE3AAF /* libPods-PullStatusTests.a */,
			);
			name = Frameworks;
			sourceTree = "<group>";
		};
		24232A56172065F00079A6D4 /* PullStatus */ = {
			isa = PBXGroup;
			children = (
				4B86317F17297C3400E7D26D /* UI */,
				24608C801725838F006ACA7D /* Models */,
				24232A8D17207E640079A6D4 /* Settings */,
				24FD30EC17222D110062F242 /* Storyboard.storyboard */,
				24232A57172065F00079A6D4 /* Supporting Files */,
				24232A5F172065F00079A6D4 /* TNWAppDelegate.h */,
				24232A60172065F00079A6D4 /* TNWAppDelegate.m */,
				24232A68172065F00079A6D4 /* TNWPullRequestViewController.h */,
				24232A69172065F00079A6D4 /* TNWPullRequestViewController.m */,
				2484CC45172A0D2200134C95 /* Constants.h */,
				2484CC46172A0D2200134C95 /* Constants.m */,
				24103D86172AD38000739F61 /* TNWHttpClient.h */,
				24103D87172AD38000739F61 /* TNWHttpClient.m */,
			);
			path = PullStatus;
			sourceTree = "<group>";
		};
		24232A57172065F00079A6D4 /* Supporting Files */ = {
			isa = PBXGroup;
			children = (
				4B27CE5A17218E3E00F66E20 /* UI */,
				24232A58172065F00079A6D4 /* PullStatus-Info.plist */,
				24232A59172065F00079A6D4 /* InfoPlist.strings */,
				24232A5C172065F00079A6D4 /* main.m */,
				24232A5E172065F00079A6D4 /* PullStatus-Prefix.pch */,
				24232A62172065F00079A6D4 /* Default.png */,
				24232A64172065F00079A6D4 /* Default@2x.png */,
				24232A66172065F00079A6D4 /* Default-568h@2x.png */,
			);
			name = "Supporting Files";
			sourceTree = "<group>";
		};
		24232A7A172065F00079A6D4 /* PullStatusTests */ = {
			isa = PBXGroup;
			children = (
				24608C8917258600006ACA7D /* Models */,
				24232A81172065F00079A6D4 /* KiwiSpec.m */,
				24232A7B172065F00079A6D4 /* Supporting Files */,
			);
			path = PullStatusTests;
			sourceTree = "<group>";
		};
		24232A7B172065F00079A6D4 /* Supporting Files */ = {
			isa = PBXGroup;
			children = (
				24232A7C172065F00079A6D4 /* PullStatusTests-Info.plist */,
				24232A7D172065F00079A6D4 /* InfoPlist.strings */,
			);
			name = "Supporting Files";
			sourceTree = "<group>";
		};
		24232A8D17207E640079A6D4 /* Settings */ = {
			isa = PBXGroup;
			children = (
				24232A9117207FB10079A6D4 /* SettingsView.xib */,
				24232A931720803F0079A6D4 /* TNWSettingsViewController.h */,
				24232A941720803F0079A6D4 /* TNWSettingsViewController.m */,
				24AE91B31728312E000C0342 /* AuthenticateView.xib */,
				24AE91B517284362000C0342 /* TNWAuthenicationViewController.h */,
				24AE91B617284362000C0342 /* TNWAuthenicationViewController.m */,
				24AE91B917286869000C0342 /* TNWGitHubOathTokenRetriever.h */,
				24AE91BA17286869000C0342 /* TNWGitHubOathTokenRetriever.m */,
			);
			name = Settings;
			path = PullStatus/Settings;
			sourceTree = SOURCE_ROOT;
		};
		24608C801725838F006ACA7D /* Models */ = {
			isa = PBXGroup;
			children = (
				24597B55172818C700DC53A7 /* TNWRepoRetriever.h */,
				24597B56172818C700DC53A7 /* TNWRepoRetriever.m */,
				24869AC917271CDA00094B01 /* Repository.h */,
				24869ACA17271CDA00094B01 /* Repository.m */,
				24CA8AEA1725B83700B5B4E3 /* RepositoryOwner.h */,
				24CA8AEB1725B83700B5B4E3 /* RepositoryOwner.m */,
			);
			path = Models;
			sourceTree = "<group>";
		};
		24608C8917258600006ACA7D /* Models */ = {
			isa = PBXGroup;
			children = (
				24AE91BD17286878000C0342 /* Settings */,
				24943F4417280E4C00451B89 /* Repositories.json */,
				24608C8A17258634006ACA7D /* RepositoryModel.m */,
				24CA8ADD1725A9AC00B5B4E3 /* Repository.json */,
				24597B591728265B00DC53A7 /* RepoRetrieverSpec.m */,
			);
			path = Models;
			sourceTree = "<group>";
		};
		24AE91BD17286878000C0342 /* Settings */ = {
			isa = PBXGroup;
			children = (
				24AE91BE172868B6000C0342 /* GitHubOauthTokenRetrieverSpec.m */,
			);
			path = Settings;
			sourceTree = "<group>";
		};
		4B27CE5A17218E3E00F66E20 /* UI */ = {
			isa = PBXGroup;
			children = (
				4B27CE5B17218E5600F66E20 /* barButton.png */,
				4B27CE5C17218E5600F66E20 /* barButton@2x.png */,
				4B27CE5D17218E5600F66E20 /* barButtonBack.png */,
				4B27CE5E17218E5600F66E20 /* barButtonBack@2x.png */,
				4B27CE5F17218E5600F66E20 /* barButtonBackDisabled.png */,
				4B27CE6017218E5600F66E20 /* barButtonBackDisabled@2x.png */,
				4B27CE6117218E5600F66E20 /* barButtonBackPressed.png */,
				4B27CE6217218E5600F66E20 /* barButtonBackPressed@2x.png */,
				4B27CE6317218E5600F66E20 /* barButtonDisabled.png */,
				4B27CE6417218E5600F66E20 /* barButtonDisabled@2x.png */,
				4B27CE6517218E5600F66E20 /* barButtonPressed.png */,
				4B27CE6617218E5600F66E20 /* barButtonPressed@2x.png */,
				4B882A06172185AC00028131 /* navigationbar.png */,
				4B882A07172185AC00028131 /* navigationbar@2x.png */,
				4BA6DD1517207E100070533F /* gear.png */,
				4BA6DD1617207E100070533F /* gear@2x.png */,
			);
			name = UI;
			sourceTree = "<group>";
		};
		4B86317F17297C3400E7D26D /* UI */ = {
			isa = PBXGroup;
			children = (
				4B534065172DBA00003F9AE2 /* github-dark-button.png */,
				4B534066172DBA00003F9AE2 /* github-dark-button@2x.png */,
				4B534067172DBA00003F9AE2 /* github-dark-button@2x.psd */,
				4B534061172DB191003F9AE2 /* octocat.png */,
				4B534062172DB191003F9AE2 /* octocat@2x.png */,
				4BE78F6F172B0B1600D55AE4 /* pr-cell.png */,
				4BE78F70172B0B1600D55AE4 /* pr-cell@2x.png */,
				4BE78F71172B0B1600D55AE4 /* pr-cell@2x.psd */,
				4BDBE8751729A398003BD76E /* github-button.png */,
				4BDBE87B1729AC87003BD76E /* icon-57.png */,
				4BDBE87C1729AC87003BD76E /* icon-57@2x.png */,
				4BDBE8761729A398003BD76E /* github-button@2x.png */,
				4BDBE8771729A398003BD76E /* github-button@2x.psd */,
				4BE78F75172B12BE00D55AE4 /* status-icon-error.png */,
				4BE78F76172B12BE00D55AE4 /* status-icon-error@2x.png */,
				4BE78F87172B13A900D55AE4 /* status-icon-none.png */,
				4BE78F88172B13A900D55AE4 /* status-icon-none@2x.png */,
				4B0FDDAA172EB203005140D2 /* navigationbar.png */,
				4B0FDDAB172EB203005140D2 /* navigationbar@2x.png */,
				4BE78F77172B12BE00D55AE4 /* status-icon-failure.png */,
				4BE78F78172B12BE00D55AE4 /* status-icon-failure@2x.png */,
				4BE78F79172B12BE00D55AE4 /* status-icon-pending.png */,
				4BE78F7A172B12BE00D55AE4 /* status-icon-pending@2x.png */,
				4BE78F7B172B12BE00D55AE4 /* status-icon-success.png */,
				4B0FDDAE172EB209005140D2 /* navigationbar@2x.psd */,
				4BE78F7C172B12BE00D55AE4 /* status-icon-success@2x.png */,
				4BE78F7D172B12BE00D55AE4 /* status-icons@2x.psd */,
				4BDBE87F1729AC8E003BD76E /* splash-480h.png */,
				4BDBE8801729AC8E003BD76E /* splash-480h@2x.png */,
				4BDBE8811729AC8E003BD76E /* splash-568h@2x.png */,
				4BDBE869172988C2003BD76E /* repo-cell.png */,
				4BDBE86A172988C2003BD76E /* repo-cell@2x.png */,
				4BDBE86B172988C2003BD76E /* repo-cell@2x.psd */,
				4BDBE85D17297DCB003BD76E /* list-icon.png */,
				4BDBE85E17297DCB003BD76E /* list-icon@2x.png */,
				4BDBE85F17297DCB003BD76E /* list-icon@2x.psd */,
				4BDBE86317298012003BD76E /* barButton.png */,
				4BDBE86417298012003BD76E /* barButton@2x.png */,
				4BDBE86517298012003BD76E /* barButton@2x.psd */,
				4B86318A17297C6B00E7D26D /* icon-57@2x.psd */,
				4B86318417297C3400E7D26D /* splash-568h@2x.psd */,
			);
			path = UI;
			sourceTree = "<group>";
		};
/* End PBXGroup section */

/* Begin PBXNativeTarget section */
		24232A4C172065F00079A6D4 /* PullStatus */ = {
			isa = PBXNativeTarget;
			buildConfigurationList = 24232A85172065F00079A6D4 /* Build configuration list for PBXNativeTarget "PullStatus" */;
			buildPhases = (
				F09A593F6294454C925CD990 /* Check Pods Manifest.lock */,
				24232A49172065F00079A6D4 /* Sources */,
				24232A4A172065F00079A6D4 /* Frameworks */,
				24232A4B172065F00079A6D4 /* Resources */,
				957C64F2C50946CCA4A7C449 /* Copy Pods Resources */,
			);
			buildRules = (
			);
			dependencies = (
			);
			name = PullStatus;
			productName = PullStatus;
			productReference = 24232A4D172065F00079A6D4 /* PullStatus.app */;
			productType = "com.apple.product-type.application";
		};
		24232A72172065F00079A6D4 /* PullStatusTests */ = {
			isa = PBXNativeTarget;
			buildConfigurationList = 24232A88172065F00079A6D4 /* Build configuration list for PBXNativeTarget "PullStatusTests" */;
			buildPhases = (
				D5868EECC4A24A11ABAB75EA /* Check Pods Manifest.lock */,
				24232A6E172065F00079A6D4 /* Sources */,
				24232A6F172065F00079A6D4 /* Frameworks */,
				24232A70172065F00079A6D4 /* Resources */,
				24232A71172065F00079A6D4 /* ShellScript */,
				C4D30289F9B049D58788C8B1 /* Copy Pods Resources */,
			);
			buildRules = (
			);
			dependencies = (
				24232A79172065F00079A6D4 /* PBXTargetDependency */,
			);
			name = PullStatusTests;
			productName = PullStatusTests;
			productReference = 24232A73172065F00079A6D4 /* PullStatusTests.octest */;
			productType = "com.apple.product-type.bundle";
		};
/* End PBXNativeTarget section */

/* Begin PBXProject section */
		24232A45172065F00079A6D4 /* Project object */ = {
			isa = PBXProject;
			attributes = {
				CLASSPREFIX = TNW;
				LastUpgradeCheck = 0460;
				ORGANIZATIONNAME = "The Network";
			};
			buildConfigurationList = 24232A48172065F00079A6D4 /* Build configuration list for PBXProject "PullStatus" */;
			compatibilityVersion = "Xcode 3.2";
			developmentRegion = English;
			hasScannedForEncodings = 0;
			knownRegions = (
				en,
			);
			mainGroup = 24232A44172065F00079A6D4;
			productRefGroup = 24232A4E172065F00079A6D4 /* Products */;
			projectDirPath = "";
			projectRoot = "";
			targets = (
				24232A4C172065F00079A6D4 /* PullStatus */,
				24232A72172065F00079A6D4 /* PullStatusTests */,
			);
		};
/* End PBXProject section */

/* Begin PBXResourcesBuildPhase section */
		24232A4B172065F00079A6D4 /* Resources */ = {
			isa = PBXResourcesBuildPhase;
			buildActionMask = 2147483647;
			files = (
				24232A5B172065F00079A6D4 /* InfoPlist.strings in Resources */,
				24232A9217207FB10079A6D4 /* SettingsView.xib in Resources */,
				24FD30ED17222D110062F242 /* Storyboard.storyboard in Resources */,
				4BDBE86017297DCB003BD76E /* list-icon.png in Resources */,
				4BDBE86117297DCB003BD76E /* list-icon@2x.png in Resources */,
				4BDBE86617298012003BD76E /* barButton.png in Resources */,
				4BDBE86717298012003BD76E /* barButton@2x.png in Resources */,
				4BDBE86C172988C2003BD76E /* repo-cell.png in Resources */,
				4BDBE86D172988C2003BD76E /* repo-cell@2x.png in Resources */,
				24AE91B41728312F000C0342 /* AuthenticateView.xib in Resources */,
				4BDBE8781729A398003BD76E /* github-button.png in Resources */,
				4BDBE8791729A398003BD76E /* github-button@2x.png in Resources */,
				4BDBE87D1729AC87003BD76E /* icon-57.png in Resources */,
				4BDBE87E1729AC87003BD76E /* icon-57@2x.png in Resources */,
				4BDBE8821729AC8E003BD76E /* splash-480h.png in Resources */,
				4BDBE8831729AC8E003BD76E /* splash-480h@2x.png in Resources */,
				4BDBE8841729AC8E003BD76E /* splash-568h@2x.png in Resources */,
				4BDBE88A1729AD51003BD76E /* Default.png in Resources */,
				4BDBE88C1729AD5D003BD76E /* Default@2x.png in Resources */,
				4BDBE88E1729AD63003BD76E /* Default-568h@2x.png in Resources */,
				4BE78F72172B0B1600D55AE4 /* pr-cell.png in Resources */,
				4BE78F73172B0B1600D55AE4 /* pr-cell@2x.png in Resources */,
				4BE78F7E172B12BE00D55AE4 /* status-icon-error.png in Resources */,
				4BE78F7F172B12BE00D55AE4 /* status-icon-error@2x.png in Resources */,
				4BE78F80172B12BE00D55AE4 /* status-icon-failure.png in Resources */,
				4BE78F81172B12BE00D55AE4 /* status-icon-failure@2x.png in Resources */,
				4BE78F82172B12BE00D55AE4 /* status-icon-pending.png in Resources */,
				4BE78F83172B12BE00D55AE4 /* status-icon-pending@2x.png in Resources */,
				4BE78F84172B12BE00D55AE4 /* status-icon-success.png in Resources */,
				4BE78F85172B12BE00D55AE4 /* status-icon-success@2x.png in Resources */,
				4BE78F89172B13A900D55AE4 /* status-icon-none.png in Resources */,
				4BE78F8A172B13A900D55AE4 /* status-icon-none@2x.png in Resources */,
				4B534063172DB191003F9AE2 /* octocat.png in Resources */,
				4B534064172DB191003F9AE2 /* octocat@2x.png in Resources */,
				4B534068172DBA00003F9AE2 /* github-dark-button.png in Resources */,
				4B534069172DBA00003F9AE2 /* github-dark-button@2x.png in Resources */,
				4B0FDDAC172EB203005140D2 /* navigationbar.png in Resources */,
				4B0FDDAD172EB203005140D2 /* navigationbar@2x.png in Resources */,
			);
			runOnlyForDeploymentPostprocessing = 0;
		};
		24232A70172065F00079A6D4 /* Resources */ = {
			isa = PBXResourcesBuildPhase;
			buildActionMask = 2147483647;
			files = (
				24232A7F172065F00079A6D4 /* InfoPlist.strings in Resources */,
				24CA8ADE1725A9AC00B5B4E3 /* Repository.json in Resources */,
				24943F4517280E4C00451B89 /* Repositories.json in Resources */,
			);
			runOnlyForDeploymentPostprocessing = 0;
		};
/* End PBXResourcesBuildPhase section */

/* Begin PBXShellScriptBuildPhase section */
		24232A71172065F00079A6D4 /* ShellScript */ = {
			isa = PBXShellScriptBuildPhase;
			buildActionMask = 2147483647;
			files = (
			);
			inputPaths = (
			);
			outputPaths = (
			);
			runOnlyForDeploymentPostprocessing = 0;
			shellPath = /bin/sh;
			shellScript = "# Run the unit tests in this test bundle.\n\"${SYSTEM_DEVELOPER_DIR}/Tools/RunUnitTests\"\n";
		};
		957C64F2C50946CCA4A7C449 /* Copy Pods Resources */ = {
			isa = PBXShellScriptBuildPhase;
			buildActionMask = 2147483647;
			files = (
			);
			inputPaths = (
			);
			name = "Copy Pods Resources";
			outputPaths = (
			);
			runOnlyForDeploymentPostprocessing = 0;
			shellPath = /bin/sh;
			shellScript = "\"${SRCROOT}/Pods/Pods-resources.sh\"\n";
		};
		C4D30289F9B049D58788C8B1 /* Copy Pods Resources */ = {
			isa = PBXShellScriptBuildPhase;
			buildActionMask = 2147483647;
			files = (
			);
			inputPaths = (
			);
			name = "Copy Pods Resources";
			outputPaths = (
			);
			runOnlyForDeploymentPostprocessing = 0;
			shellPath = /bin/sh;
			shellScript = "\"${SRCROOT}/Pods/Pods-PullStatusTests-resources.sh\"\n";
		};
		D5868EECC4A24A11ABAB75EA /* Check Pods Manifest.lock */ = {
			isa = PBXShellScriptBuildPhase;
			buildActionMask = 2147483647;
			files = (
			);
			inputPaths = (
			);
			name = "Check Pods Manifest.lock";
			outputPaths = (
			);
			runOnlyForDeploymentPostprocessing = 0;
			shellPath = /bin/sh;
			shellScript = "diff \"${PODS_ROOT}/../Podfile.lock\" \"${PODS_ROOT}/Manifest.lock\" > /dev/null\nif [[ $? != 0 ]] ; then\n    cat << EOM\nerror: The sanbox is not in sync with the Podfile.lock. Run 'pod install'.\nEOM\n    exit 1\nfi\n";
		};
		F09A593F6294454C925CD990 /* Check Pods Manifest.lock */ = {
			isa = PBXShellScriptBuildPhase;
			buildActionMask = 2147483647;
			files = (
			);
			inputPaths = (
			);
			name = "Check Pods Manifest.lock";
			outputPaths = (
			);
			runOnlyForDeploymentPostprocessing = 0;
			shellPath = /bin/sh;
			shellScript = "diff \"${PODS_ROOT}/../Podfile.lock\" \"${PODS_ROOT}/Manifest.lock\" > /dev/null\nif [[ $? != 0 ]] ; then\n    cat << EOM\nerror: The sanbox is not in sync with the Podfile.lock. Run 'pod install'.\nEOM\n    exit 1\nfi\n";
		};
/* End PBXShellScriptBuildPhase section */

/* Begin PBXSourcesBuildPhase section */
		24232A49172065F00079A6D4 /* Sources */ = {
			isa = PBXSourcesBuildPhase;
			buildActionMask = 2147483647;
			files = (
				24232A5D172065F00079A6D4 /* main.m in Sources */,
				24232A61172065F00079A6D4 /* TNWAppDelegate.m in Sources */,
				24232A6A172065F00079A6D4 /* TNWPullRequestViewController.m in Sources */,
				24232A951720803F0079A6D4 /* TNWSettingsViewController.m in Sources */,
				24CA8AEE1725B83700B5B4E3 /* RepositoryOwner.m in Sources */,
				24869ACB17271CDA00094B01 /* Repository.m in Sources */,
				24597B57172818C700DC53A7 /* TNWRepoRetriever.m in Sources */,
				24AE91B717284362000C0342 /* TNWAuthenicationViewController.m in Sources */,
				24AE91BB17286869000C0342 /* TNWGitHubOathTokenRetriever.m in Sources */,
				2484CC47172A0D2200134C95 /* Constants.m in Sources */,
				24103D88172AD38000739F61 /* TNWHttpClient.m in Sources */,
			);
			runOnlyForDeploymentPostprocessing = 0;
		};
		24232A6E172065F00079A6D4 /* Sources */ = {
			isa = PBXSourcesBuildPhase;
			buildActionMask = 2147483647;
			files = (
				24232A82172065F00079A6D4 /* KiwiSpec.m in Sources */,
				24608C8B17258634006ACA7D /* RepositoryModel.m in Sources */,
				24CA8AEF1725B83700B5B4E3 /* RepositoryOwner.m in Sources */,
				24869ACC17271CDA00094B01 /* Repository.m in Sources */,
				24597B58172818C700DC53A7 /* TNWRepoRetriever.m in Sources */,
				24597B5A1728265B00DC53A7 /* RepoRetrieverSpec.m in Sources */,
				24AE91B817284362000C0342 /* TNWAuthenicationViewController.m in Sources */,
				24AE91BC17286869000C0342 /* TNWGitHubOathTokenRetriever.m in Sources */,
				24AE91BF172868B6000C0342 /* GitHubOauthTokenRetrieverSpec.m in Sources */,
				2484CC48172A0D2200134C95 /* Constants.m in Sources */,
				24103D89172AD38000739F61 /* TNWHttpClient.m in Sources */,
			);
			runOnlyForDeploymentPostprocessing = 0;
		};
/* End PBXSourcesBuildPhase section */

/* Begin PBXTargetDependency section */
		24232A79172065F00079A6D4 /* PBXTargetDependency */ = {
			isa = PBXTargetDependency;
			target = 24232A4C172065F00079A6D4 /* PullStatus */;
			targetProxy = 24232A78172065F00079A6D4 /* PBXContainerItemProxy */;
		};
/* End PBXTargetDependency section */

/* Begin PBXVariantGroup section */
		24232A59172065F00079A6D4 /* InfoPlist.strings */ = {
			isa = PBXVariantGroup;
			children = (
				24232A5A172065F00079A6D4 /* en */,
			);
			name = InfoPlist.strings;
			sourceTree = "<group>";
		};
		24232A7D172065F00079A6D4 /* InfoPlist.strings */ = {
			isa = PBXVariantGroup;
			children = (
				24232A7E172065F00079A6D4 /* en */,
			);
			name = InfoPlist.strings;
			sourceTree = "<group>";
		};
/* End PBXVariantGroup section */

/* Begin XCBuildConfiguration section */
		24232A83172065F00079A6D4 /* Debug */ = {
			isa = XCBuildConfiguration;
			buildSettings = {
				ALWAYS_SEARCH_USER_PATHS = NO;
				CLANG_CXX_LANGUAGE_STANDARD = "gnu++0x";
				CLANG_CXX_LIBRARY = "libc++";
				CLANG_ENABLE_OBJC_ARC = YES;
				CLANG_WARN_CONSTANT_CONVERSION = YES;
				CLANG_WARN_EMPTY_BODY = YES;
				CLANG_WARN_ENUM_CONVERSION = YES;
				CLANG_WARN_INT_CONVERSION = YES;
				CLANG_WARN__DUPLICATE_METHOD_MATCH = YES;
				"CODE_SIGN_IDENTITY[sdk=iphoneos*]" = "iPhone Developer";
				COPY_PHASE_STRIP = NO;
				GCC_C_LANGUAGE_STANDARD = gnu99;
				GCC_DYNAMIC_NO_PIC = NO;
				GCC_OPTIMIZATION_LEVEL = 0;
				GCC_PREPROCESSOR_DEFINITIONS = (
					"GITHUB_API_CLIENT_SECRET=${GITHUB_API_CLIENT_SECRET}",
					"GITHUB_API_CLIENT_ID=${GITHUB_API_CLIENT_ID}",
					"DEBUG=1",
				);
				GCC_SYMBOLS_PRIVATE_EXTERN = NO;
				GCC_WARN_ABOUT_RETURN_TYPE = YES;
				GCC_WARN_UNINITIALIZED_AUTOS = YES;
				GCC_WARN_UNUSED_VARIABLE = YES;
				IPHONEOS_DEPLOYMENT_TARGET = 6.1;
				ONLY_ACTIVE_ARCH = YES;
				SDKROOT = iphoneos;
			};
			name = Debug;
		};
		24232A84172065F00079A6D4 /* Release */ = {
			isa = XCBuildConfiguration;
			buildSettings = {
				ALWAYS_SEARCH_USER_PATHS = NO;
				CLANG_CXX_LANGUAGE_STANDARD = "gnu++0x";
				CLANG_CXX_LIBRARY = "libc++";
				CLANG_ENABLE_OBJC_ARC = YES;
				CLANG_WARN_CONSTANT_CONVERSION = YES;
				CLANG_WARN_EMPTY_BODY = YES;
				CLANG_WARN_ENUM_CONVERSION = YES;
				CLANG_WARN_INT_CONVERSION = YES;
				CLANG_WARN__DUPLICATE_METHOD_MATCH = YES;
				"CODE_SIGN_IDENTITY[sdk=iphoneos*]" = "iPhone Developer";
				COPY_PHASE_STRIP = YES;
				GCC_C_LANGUAGE_STANDARD = gnu99;
				GCC_PREPROCESSOR_DEFINITIONS = (
					"GITHUB_API_CLIENT_SECRET=${GITHUB_API_CLIENT_SECRET}",
					"GITHUB_API_CLIENT_ID=${GITHUB_API_CLIENT_ID}",
				);
				GCC_WARN_ABOUT_RETURN_TYPE = YES;
				GCC_WARN_UNINITIALIZED_AUTOS = YES;
				GCC_WARN_UNUSED_VARIABLE = YES;
				IPHONEOS_DEPLOYMENT_TARGET = 6.1;
				OTHER_CFLAGS = "-DNS_BLOCK_ASSERTIONS=1";
				SDKROOT = iphoneos;
				VALIDATE_PRODUCT = YES;
			};
			name = Release;
		};
		24232A86172065F00079A6D4 /* Debug */ = {
			isa = XCBuildConfiguration;
			baseConfigurationReference = AA6874E509464302A80B6890 /* Pods.xcconfig */;
			buildSettings = {
				CODE_SIGN_IDENTITY = "iPhone Developer: Chris Breiding (JV5N44SD65)";
				"CODE_SIGN_IDENTITY[sdk=iphoneos*]" = "iPhone Developer: Chris Breiding (JV5N44SD65)";
				GCC_PRECOMPILE_PREFIX_HEADER = YES;
				GCC_PREFIX_HEADER = "PullStatus/PullStatus-Prefix.pch";
				INFOPLIST_FILE = "PullStatus/PullStatus-Info.plist";
				IPHONEOS_DEPLOYMENT_TARGET = 6.0;
				PRODUCT_NAME = "$(TARGET_NAME)";
				PROVISIONING_PROFILE = "D51846B7-4C56-4D84-BF1E-92C42DE7C2C2";
				"PROVISIONING_PROFILE[sdk=iphoneos*]" = "D51846B7-4C56-4D84-BF1E-92C42DE7C2C2";
				WRAPPER_EXTENSION = app;
			};
			name = Debug;
		};
		24232A87172065F00079A6D4 /* Release */ = {
			isa = XCBuildConfiguration;
			baseConfigurationReference = AA6874E509464302A80B6890 /* Pods.xcconfig */;
			buildSettings = {
				CODE_SIGN_IDENTITY = "iPhone Developer: Chris Breiding (JV5N44SD65)";
				"CODE_SIGN_IDENTITY[sdk=iphoneos*]" = "iPhone Developer: Chris Breiding (JV5N44SD65)";
				GCC_PRECOMPILE_PREFIX_HEADER = YES;
				GCC_PREFIX_HEADER = "PullStatus/PullStatus-Prefix.pch";
				INFOPLIST_FILE = "PullStatus/PullStatus-Info.plist";
				IPHONEOS_DEPLOYMENT_TARGET = 6.0;
				PRODUCT_NAME = "$(TARGET_NAME)";
				PROVISIONING_PROFILE = "D51846B7-4C56-4D84-BF1E-92C42DE7C2C2";
				"PROVISIONING_PROFILE[sdk=iphoneos*]" = "D51846B7-4C56-4D84-BF1E-92C42DE7C2C2";
				WRAPPER_EXTENSION = app;
			};
			name = Release;
		};
		24232A89172065F00079A6D4 /* Debug */ = {
			isa = XCBuildConfiguration;
			baseConfigurationReference = 5FB7AD5A015D45F99E85E1EE /* Pods-PullStatusTests.xcconfig */;
			buildSettings = {
				BUNDLE_LOADER = "$(BUILT_PRODUCTS_DIR)/PullStatus.app/PullStatus";
				FRAMEWORK_SEARCH_PATHS = (
					"\"$(SDKROOT)/Developer/Library/Frameworks\"",
					"\"$(DEVELOPER_LIBRARY_DIR)/Frameworks\"",
				);
				GCC_PRECOMPILE_PREFIX_HEADER = YES;
				GCC_PREFIX_HEADER = "PullStatus/PullStatus-Prefix.pch";
				INFOPLIST_FILE = "PullStatusTests/PullStatusTests-Info.plist";
				PRODUCT_NAME = "$(TARGET_NAME)";
				TEST_HOST = "$(BUNDLE_LOADER)";
				WRAPPER_EXTENSION = octest;
			};
			name = Debug;
		};
		24232A8A172065F00079A6D4 /* Release */ = {
			isa = XCBuildConfiguration;
			baseConfigurationReference = 5FB7AD5A015D45F99E85E1EE /* Pods-PullStatusTests.xcconfig */;
			buildSettings = {
				BUNDLE_LOADER = "$(BUILT_PRODUCTS_DIR)/PullStatus.app/PullStatus";
				FRAMEWORK_SEARCH_PATHS = (
					"\"$(SDKROOT)/Developer/Library/Frameworks\"",
					"\"$(DEVELOPER_LIBRARY_DIR)/Frameworks\"",
				);
				GCC_PRECOMPILE_PREFIX_HEADER = YES;
				GCC_PREFIX_HEADER = "PullStatus/PullStatus-Prefix.pch";
				INFOPLIST_FILE = "PullStatusTests/PullStatusTests-Info.plist";
				PRODUCT_NAME = "$(TARGET_NAME)";
				TEST_HOST = "$(BUNDLE_LOADER)";
				WRAPPER_EXTENSION = octest;
			};
			name = Release;
		};
/* End XCBuildConfiguration section */

/* Begin XCConfigurationList section */
		24232A48172065F00079A6D4 /* Build configuration list for PBXProject "PullStatus" */ = {
			isa = XCConfigurationList;
			buildConfigurations = (
				24232A83172065F00079A6D4 /* Debug */,
				24232A84172065F00079A6D4 /* Release */,
			);
			defaultConfigurationIsVisible = 0;
			defaultConfigurationName = Release;
		};
		24232A85172065F00079A6D4 /* Build configuration list for PBXNativeTarget "PullStatus" */ = {
			isa = XCConfigurationList;
			buildConfigurations = (
				24232A86172065F00079A6D4 /* Debug */,
				24232A87172065F00079A6D4 /* Release */,
			);
			defaultConfigurationIsVisible = 0;
			defaultConfigurationName = Release;
		};
		24232A88172065F00079A6D4 /* Build configuration list for PBXNativeTarget "PullStatusTests" */ = {
			isa = XCConfigurationList;
			buildConfigurations = (
				24232A89172065F00079A6D4 /* Debug */,
				24232A8A172065F00079A6D4 /* Release */,
			);
			defaultConfigurationIsVisible = 0;
			defaultConfigurationName = Release;
		};
/* End XCConfigurationList section */
	};
	rootObject = 24232A45172065F00079A6D4 /* Project object */;
}
